
Microsoft Visual Studio Solution File, Format Version 12.00
# Visual Studio Version 17
VisualStudioVersion = 17.6.33829.357
MinimumVisualStudioVersion = 10.0.40219.1
Project("{9A19103F-16F7-4668-BE54-9A1E7A4F7556}") = "TCT", "TCT\TCT.csproj", "{2CA2C732-C7C1-4EDA-9F66-2D8EBE568B92}"
EndProject
Global
	GlobalSection(SolutionConfigurationPlatforms) = preSolution
		Debug|Any CPU = Debug|Any CPU
		Release|Any CPU = Release|Any CPU
	EndGlobalSection
	GlobalSection(ProjectConfigurationPlatforms) = postSolution
		{2CA2C732-C7C1-4EDA-9F66-2D8EBE568B92}.Debug|Any CPU.ActiveCfg = Release|Any CPU
		{2CA2C732-C7C1-4EDA-9F66-2D8EBE568B92}.Debug|Any CPU.Build.0 = Release|Any CPU
		{2CA2C732-C7C1-4EDA-9F66-2D8EBE568B92}.Release|Any CPU.ActiveCfg = Release|Any CPU
		{2CA2C732-C7C1-4EDA-9F66-2D8EBE568B92}.Release|Any CPU.Build.0 = Release|Any CPU
	EndGlobalSection
	GlobalSection(SolutionProperties) = preSolution
		HideSolutionNode = FALSE
	EndGlobalSection
	GlobalSection(ExtensibilityGlobals) = postSolution
		SolutionGuid = {EDDDA912-3E34-4CE3-AF79-A326C1FD11A1}
	EndGlobalSection
EndGlobal
